
Microsoft Visual Studio Solution File, Format Version 12.00
# Visual Studio Version 17
VisualStudioVersion = 17.4.33213.308
MinimumVisualStudioVersion = 10.0.40219.1
Project("{9A19103F-16F7-4668-BE54-9A1E7A4F7556}") = "WPF2", "WPF2\WPF2.csproj", "{328E61F6-852F-4620-A9B8-36B76914117E}"
EndProject
Project("{FAE04EC0-301F-11D3-BF4B-00C04F79EFBC}") = "SubRip", "SubRip\SubRip.csproj", "{5FBA44D2-ECD9-4DFB-A3E8-04369ADD137F}"
EndProject
Global
	GlobalSection(SolutionConfigurationPlatforms) = preSolution
		Debug|Any CPU = Debug|Any CPU
		Release|Any CPU = Release|Any CPU
	EndGlobalSection
	GlobalSection(ProjectConfigurationPlatforms) = postSolution
		{328E61F6-852F-4620-A9B8-36B76914117E}.Debug|Any CPU.ActiveCfg = Debug|Any CPU
		{328E61F6-852F-4620-A9B8-36B76914117E}.Debug|Any CPU.Build.0 = Debug|Any CPU
		{328E61F6-852F-4620-A9B8-36B76914117E}.Release|Any CPU.ActiveCfg = Release|Any CPU
		{328E61F6-852F-4620-A9B8-36B76914117E}.Release|Any CPU.Build.0 = Release|Any CPU
		{5FBA44D2-ECD9-4DFB-A3E8-04369ADD137F}.Debug|Any CPU.ActiveCfg = Debug|Any CPU
		{5FBA44D2-ECD9-4DFB-A3E8-04369ADD137F}.Debug|Any CPU.Build.0 = Debug|Any CPU
		{5FBA44D2-ECD9-4DFB-A3E8-04369ADD137F}.Release|Any CPU.ActiveCfg = Release|Any CPU
		{5FBA44D2-ECD9-4DFB-A3E8-04369ADD137F}.Release|Any CPU.Build.0 = Release|Any CPU
	EndGlobalSection
	GlobalSection(SolutionProperties) = preSolution
		HideSolutionNode = FALSE
	EndGlobalSection
	GlobalSection(ExtensibilityGlobals) = postSolution
		SolutionGuid = {E7AFBB7C-EBFF-4ADC-8D67-D00E278204DC}
	EndGlobalSection
EndGlobal
